
Microsoft Visual Studio Solution File, Format Version 12.00
# Visual Studio Version 16
VisualStudioVersion = 16.0.31205.134
MinimumVisualStudioVersion = 10.0.40219.1
Project("{9A19103F-16F7-4668-BE54-9A1E7A4F7556}") = "ProductGrpc", "ProductGrpc\ProductGrpc.csproj", "{2B9F843E-A738-4CF0-9BB2-576DFE479BA2}"
EndProject
Project("{9A19103F-16F7-4668-BE54-9A1E7A4F7556}") = "ProductGrpcClient", "ProductGrpcClient\ProductGrpcClient.csproj", "{2C18E728-3B72-47E2-BB5A-A343B23740D2}"
EndProject
Project("{9A19103F-16F7-4668-BE54-9A1E7A4F7556}") = "ProductWorkerService", "ProductWorkerService\ProductWorkerService.csproj", "{5CAB9CE9-DD89-40A4-B239-2395B03963DC}"
EndProject
Project("{2150E333-8FDC-42A3-9474-1A3956D46DE8}") = "Product", "Product", "{047D33A7-BDC4-4D31-BE2A-06D53D4261AA}"
EndProject
Project("{2150E333-8FDC-42A3-9474-1A3956D46DE8}") = "ShoppingCart", "ShoppingCart", "{7B58525B-0098-4249-8070-0198DC3A7D62}"
EndProject
Project("{9A19103F-16F7-4668-BE54-9A1E7A4F7556}") = "ShoppingCartGrpc", "ShoppingCardGrpc\ShoppingCartGrpc.csproj", "{362C9EA2-8706-427A-85CE-AD63F853D937}"
EndProject
Project("{2150E333-8FDC-42A3-9474-1A3956D46DE8}") = "Discount", "Discount", "{68C28419-9324-4FF0-B460-3FE1A4BE8C3A}"
EndProject
Project("{FAE04EC0-301F-11D3-BF4B-00C04F79EFBC}") = "DiscountGrpc", "DiscountGrpc\DiscountGrpc.csproj", "{AE4C1B95-EA87-4FA8-B9B1-91C94FB05D5C}"
EndProject
Global
	GlobalSection(SolutionConfigurationPlatforms) = preSolution
		Debug|Any CPU = Debug|Any CPU
		Release|Any CPU = Release|Any CPU
	EndGlobalSection
	GlobalSection(ProjectConfigurationPlatforms) = postSolution
		{2B9F843E-A738-4CF0-9BB2-576DFE479BA2}.Debug|Any CPU.ActiveCfg = Debug|Any CPU
		{2B9F843E-A738-4CF0-9BB2-576DFE479BA2}.Debug|Any CPU.Build.0 = Debug|Any CPU
		{2B9F843E-A738-4CF0-9BB2-576DFE479BA2}.Release|Any CPU.ActiveCfg = Release|Any CPU
		{2B9F843E-A738-4CF0-9BB2-576DFE479BA2}.Release|Any CPU.Build.0 = Release|Any CPU
		{2C18E728-3B72-47E2-BB5A-A343B23740D2}.Debug|Any CPU.ActiveCfg = Debug|Any CPU
		{2C18E728-3B72-47E2-BB5A-A343B23740D2}.Debug|Any CPU.Build.0 = Debug|Any CPU
		{2C18E728-3B72-47E2-BB5A-A343B23740D2}.Release|Any CPU.ActiveCfg = Release|Any CPU
		{2C18E728-3B72-47E2-BB5A-A343B23740D2}.Release|Any CPU.Build.0 = Release|Any CPU
		{5CAB9CE9-DD89-40A4-B239-2395B03963DC}.Debug|Any CPU.ActiveCfg = Debug|Any CPU
		{5CAB9CE9-DD89-40A4-B239-2395B03963DC}.Debug|Any CPU.Build.0 = Debug|Any CPU
		{5CAB9CE9-DD89-40A4-B239-2395B03963DC}.Release|Any CPU.ActiveCfg = Release|Any CPU
		{5CAB9CE9-DD89-40A4-B239-2395B03963DC}.Release|Any CPU.Build.0 = Release|Any CPU
		{362C9EA2-8706-427A-85CE-AD63F853D937}.Debug|Any CPU.ActiveCfg = Debug|Any CPU
		{362C9EA2-8706-427A-85CE-AD63F853D937}.Debug|Any CPU.Build.0 = Debug|Any CPU
		{362C9EA2-8706-427A-85CE-AD63F853D937}.Release|Any CPU.ActiveCfg = Release|Any CPU
		{362C9EA2-8706-427A-85CE-AD63F853D937}.Release|Any CPU.Build.0 = Release|Any CPU
		{AE4C1B95-EA87-4FA8-B9B1-91C94FB05D5C}.Debug|Any CPU.ActiveCfg = Debug|Any CPU
		{AE4C1B95-EA87-4FA8-B9B1-91C94FB05D5C}.Debug|Any CPU.Build.0 = Debug|Any CPU
		{AE4C1B95-EA87-4FA8-B9B1-91C94FB05D5C}.Release|Any CPU.ActiveCfg = Release|Any CPU
		{AE4C1B95-EA87-4FA8-B9B1-91C94FB05D5C}.Release|Any CPU.Build.0 = Release|Any CPU
	EndGlobalSection
	GlobalSection(SolutionProperties) = preSolution
		HideSolutionNode = FALSE
	EndGlobalSection
	GlobalSection(NestedProjects) = preSolution
		{2B9F843E-A738-4CF0-9BB2-576DFE479BA2} = {047D33A7-BDC4-4D31-BE2A-06D53D4261AA}
		{2C18E728-3B72-47E2-BB5A-A343B23740D2} = {047D33A7-BDC4-4D31-BE2A-06D53D4261AA}
		{5CAB9CE9-DD89-40A4-B239-2395B03963DC} = {047D33A7-BDC4-4D31-BE2A-06D53D4261AA}
		{362C9EA2-8706-427A-85CE-AD63F853D937} = {7B58525B-0098-4249-8070-0198DC3A7D62}
		{AE4C1B95-EA87-4FA8-B9B1-91C94FB05D5C} = {68C28419-9324-4FF0-B460-3FE1A4BE8C3A}
	EndGlobalSection
	GlobalSection(ExtensibilityGlobals) = postSolution
		SolutionGuid = {B975F172-11F8-4793-AA7C-7658FF0E8D45}
	EndGlobalSection
EndGlobal
